
Microsoft Visual Studio Solution File, Format Version 12.00
# Visual Studio 2012
Project("{6989167D-11E4-40FE-8C1A-2192A86A7E90}") = "shetran-prepare-2.2.9", "prepare\shetran-prepare-2.2.9.vfproj", "{48A07DE9-5B1A-48A3-84BD-821F440BEC5C}"
EndProject
Global
	GlobalSection(SolutionConfigurationPlatforms) = preSolution
		Debug|Win32 = Debug|Win32
		Release|Win32 = Release|Win32
	EndGlobalSection
	GlobalSection(ProjectConfigurationPlatforms) = postSolution
		{48A07DE9-5B1A-48A3-84BD-821F440BEC5C}.Debug|Win32.ActiveCfg = Debug|Win32
		{48A07DE9-5B1A-48A3-84BD-821F440BEC5C}.Debug|Win32.Build.0 = Debug|Win32
		{48A07DE9-5B1A-48A3-84BD-821F440BEC5C}.Release|Win32.ActiveCfg = Release|Win32
		{48A07DE9-5B1A-48A3-84BD-821F440BEC5C}.Release|Win32.Build.0 = Release|Win32
	EndGlobalSection
	GlobalSection(SolutionProperties) = preSolution
		HideSolutionNode = FALSE
	EndGlobalSection
EndGlobal
