
Microsoft Visual Studio Solution File, Format Version 11.00
# Visual Studio 2010
Project("{6989167D-11E4-40FE-8C1A-2192A86A7E90}") = "start", "start\start.vfproj", "{47EBA3DD-8E10-4C8A-BBDB-E29E576B5CBA}"
EndProject
Global
	GlobalSection(SolutionConfigurationPlatforms) = preSolution
		Debug|Win32 = Debug|Win32
		Release|Win32 = Release|Win32
	EndGlobalSection
	GlobalSection(ProjectConfigurationPlatforms) = postSolution
		{47EBA3DD-8E10-4C8A-BBDB-E29E576B5CBA}.Debug|Win32.ActiveCfg = Debug|Win32
		{47EBA3DD-8E10-4C8A-BBDB-E29E576B5CBA}.Debug|Win32.Build.0 = Debug|Win32
		{47EBA3DD-8E10-4C8A-BBDB-E29E576B5CBA}.Release|Win32.ActiveCfg = Release|Win32
		{47EBA3DD-8E10-4C8A-BBDB-E29E576B5CBA}.Release|Win32.Build.0 = Release|Win32
	EndGlobalSection
	GlobalSection(SolutionProperties) = preSolution
		HideSolutionNode = FALSE
	EndGlobalSection
EndGlobal
